
Microsoft Visual Studio Solution File, Format Version 12.00
# Visual Studio Version 17
VisualStudioVersion = 17.14.36414.22 d17.14
MinimumVisualStudioVersion = 10.0.40219.1
Project("{FAE04EC0-301F-11D3-BF4B-00C04F79EFBC}") = "IDAPS_Project", "IDAPS_Project.csproj", "{4B7409F1-AC87-4130-BE77-D8F9D8B4628D}"
EndProject
Global
	GlobalSection(SolutionConfigurationPlatforms) = preSolution
		Debug|Any CPU = Debug|Any CPU
		Release|Any CPU = Release|Any CPU
	EndGlobalSection
	GlobalSection(ProjectConfigurationPlatforms) = postSolution
		{4B7409F1-AC87-4130-BE77-D8F9D8B4628D}.Debug|Any CPU.ActiveCfg = Debug|Any CPU
		{4B7409F1-AC87-4130-BE77-D8F9D8B4628D}.Debug|Any CPU.Build.0 = Debug|Any CPU
		{4B7409F1-AC87-4130-BE77-D8F9D8B4628D}.Release|Any CPU.ActiveCfg = Release|Any CPU
		{4B7409F1-AC87-4130-BE77-D8F9D8B4628D}.Release|Any CPU.Build.0 = Release|Any CPU
	EndGlobalSection
	GlobalSection(SolutionProperties) = preSolution
		HideSolutionNode = FALSE
	EndGlobalSection
	GlobalSection(ExtensibilityGlobals) = postSolution
		SolutionGuid = {04CF2A59-31D4-4772-BC6B-476F98353602}
	EndGlobalSection
EndGlobal
